Microsoft Visual Studio Solution File, Format Version 12.00
# Visual Studio Version 17
VisualStudioVersion = 17.0.31903.59
MinimumVisualStudioVersion = 10.0.40219.1
Project("{FAE04EC0-301F-11D3-BF4B-00C04F79EFBC}") = "CE.Tools.Core", "src\CE.Tools.Core\CE.Tools.Core.csproj", "{D859EE30-1E7E-4BA4-9821-43F313B7FA51}"
EndProject
Project("{FAE04EC0-301F-11D3-BF4B-00C04F79EFBC}") = "CE.Tools.Civil3D", "src\CE.Tools.Civil3D\CE.Tools.Civil3D.csproj", "{4C835CB8-B561-4D89-A91D-7D9800A94F3D}"
EndProject
Project("{FAE04EC0-301F-11D3-BF4B-00C04F79EFBC}") = "CE.Tools.Core.Tests", "tests\CE.Tools.Core.Tests\CE.Tools.Core.Tests.csproj", "{D620F07E-D5C3-4B00-9246-30E41D95BF6F}"
EndProject
Global
    GlobalSection(SolutionConfigurationPlatforms) = preSolution
        Debug|Any CPU = Debug|Any CPU
        Release|Any CPU = Release|Any CPU
    EndGlobalSection
    GlobalSection(ProjectConfigurationPlatforms) = postSolution
        {D859EE30-1E7E-4BA4-9821-43F313B7FA51}.Debug|Any CPU.ActiveCfg = Debug|Any CPU
        {D859EE30-1E7E-4BA4-9821-43F313B7FA51}.Debug|Any CPU.Build.0 = Debug|Any CPU
        {D859EE30-1E7E-4BA4-9821-43F313B7FA51}.Release|Any CPU.ActiveCfg = Release|Any CPU
        {D859EE30-1E7E-4BA4-9821-43F313B7FA51}.Release|Any CPU.Build.0 = Release|Any CPU
        {4C835CB8-B561-4D89-A91D-7D9800A94F3D}.Debug|Any CPU.ActiveCfg = Debug|Any CPU
        {4C835CB8-B561-4D89-A91D-7D9800A94F3D}.Debug|Any CPU.Build.0 = Debug|Any CPU
        {4C835CB8-B561-4D89-A91D-7D9800A94F3D}.Release|Any CPU.ActiveCfg = Release|Any CPU
        {4C835CB8-B561-4D89-A91D-7D9800A94F3D}.Release|Any CPU.Build.0 = Release|Any CPU
        {D620F07E-D5C3-4B00-9246-30E41D95BF6F}.Debug|Any CPU.ActiveCfg = Debug|Any CPU
        {D620F07E-D5C3-4B00-9246-30E41D95BF6F}.Debug|Any CPU.Build.0 = Debug|Any CPU
        {D620F07E-D5C3-4B00-9246-30E41D95BF6F}.Release|Any CPU.ActiveCfg = Release|Any CPU
        {D620F07E-D5C3-4B00-9246-30E41D95BF6F}.Release|Any CPU.Build.0 = Release|Any CPU
    EndGlobalSection
EndGlobal
